
Microsoft Visual Studio Solution File, Format Version 12.00
Project("{FAE04EC0-301F-11D3-BF4B-00C04F79EFBC}") = "DayZMap", "DayZMap\DayZMap.csproj", "{79401404-903B-45C5-8108-9C2E02D8B758}"
EndProject
Global
	GlobalSection(SolutionConfigurationPlatforms) = preSolution
		Debug|Any CPU = Debug|Any CPU
		Release|Any CPU = Release|Any CPU
	EndGlobalSection
	GlobalSection(ProjectConfigurationPlatforms) = postSolution
		{79401404-903B-45C5-8108-9C2E02D8B758}.Debug|Any CPU.ActiveCfg = Debug|Any CPU
		{79401404-903B-45C5-8108-9C2E02D8B758}.Debug|Any CPU.Build.0 = Debug|Any CPU
		{79401404-903B-45C5-8108-9C2E02D8B758}.Release|Any CPU.ActiveCfg = Release|Any CPU
		{79401404-903B-45C5-8108-9C2E02D8B758}.Release|Any CPU.Build.0 = Release|Any CPU
	EndGlobalSection
EndGlobal
